
Microsoft Visual Studio Solution File, Format Version 12.00
# Visual Studio 2013
VisualStudioVersion = 12.0.21005.1
MinimumVisualStudioVersion = 10.0.40219.1
Project("{FAE04EC0-301F-11D3-BF4B-00C04F79EFBC}") = "IAM2IDAS", "IAM2IDAS\IAM2IDAS.csproj", "{D82A6BEF-EAC8-4D1F-9ACE-59DB3EF581C2}"
EndProject
Project("{FAE04EC0-301F-11D3-BF4B-00C04F79EFBC}") = "IAM2IDAS-Example", "IAM2IDAS-Example\IAM2IDAS-Example.csproj", "{8B0B2467-E1AE-4765-A7A4-D8F69BF5215C}"
EndProject
Global
	GlobalSection(SolutionConfigurationPlatforms) = preSolution
		Debug|Any CPU = Debug|Any CPU
		Release|Any CPU = Release|Any CPU
	EndGlobalSection
	GlobalSection(ProjectConfigurationPlatforms) = postSolution
		{D82A6BEF-EAC8-4D1F-9ACE-59DB3EF581C2}.Debug|Any CPU.ActiveCfg = Debug|Any CPU
		{D82A6BEF-EAC8-4D1F-9ACE-59DB3EF581C2}.Debug|Any CPU.Build.0 = Debug|Any CPU
		{D82A6BEF-EAC8-4D1F-9ACE-59DB3EF581C2}.Release|Any CPU.ActiveCfg = Release|Any CPU
		{D82A6BEF-EAC8-4D1F-9ACE-59DB3EF581C2}.Release|Any CPU.Build.0 = Release|Any CPU
		{8B0B2467-E1AE-4765-A7A4-D8F69BF5215C}.Debug|Any CPU.ActiveCfg = Debug|Any CPU
		{8B0B2467-E1AE-4765-A7A4-D8F69BF5215C}.Debug|Any CPU.Build.0 = Debug|Any CPU
		{8B0B2467-E1AE-4765-A7A4-D8F69BF5215C}.Release|Any CPU.ActiveCfg = Release|Any CPU
		{8B0B2467-E1AE-4765-A7A4-D8F69BF5215C}.Release|Any CPU.Build.0 = Release|Any CPU
	EndGlobalSection
	GlobalSection(SolutionProperties) = preSolution
		HideSolutionNode = FALSE
	EndGlobalSection
EndGlobal
